
Microsoft Visual Studio Solution File, Format Version 12.00
# Visual Studio 15
VisualStudioVersion = 15.0.28307.136
MinimumVisualStudioVersion = 10.0.40219.1
Project("{FAE04EC0-301F-11D3-BF4B-00C04F79EFBC}") = "Chapter - 18 - Throw Ball", "Chapter - 18 - Throw Ball\Chapter - 18 - Throw Ball.csproj", "{2CCF6917-30E7-4ED7-AA5D-61023CF0C91F}"
EndProject
Global
	GlobalSection(SolutionConfigurationPlatforms) = preSolution
		Debug|Any CPU = Debug|Any CPU
		Release|Any CPU = Release|Any CPU
	EndGlobalSection
	GlobalSection(ProjectConfigurationPlatforms) = postSolution
		{2CCF6917-30E7-4ED7-AA5D-61023CF0C91F}.Debug|Any CPU.ActiveCfg = Debug|Any CPU
		{2CCF6917-30E7-4ED7-AA5D-61023CF0C91F}.Debug|Any CPU.Build.0 = Debug|Any CPU
		{2CCF6917-30E7-4ED7-AA5D-61023CF0C91F}.Release|Any CPU.ActiveCfg = Release|Any CPU
		{2CCF6917-30E7-4ED7-AA5D-61023CF0C91F}.Release|Any CPU.Build.0 = Release|Any CPU
	EndGlobalSection
	GlobalSection(SolutionProperties) = preSolution
		HideSolutionNode = FALSE
	EndGlobalSection
	GlobalSection(ExtensibilityGlobals) = postSolution
		SolutionGuid = {F3DC89DC-FC0B-4BD4-A607-473F4786FBA5}
	EndGlobalSection
EndGlobal
