
Microsoft Visual Studio Solution File, Format Version 12.00
# Visual Studio 15
VisualStudioVersion = 15.0.28307.136
MinimumVisualStudioVersion = 10.0.40219.1
Project("{FAE04EC0-301F-11D3-BF4B-00C04F79EFBC}") = "Chapter - 15 - Methods (1)", "Chapter - 15 - Methods (1)\Chapter - 15 - Methods (1).csproj", "{B069F368-683F-462B-8CFF-297F6A507DEC}"
EndProject
Global
	GlobalSection(SolutionConfigurationPlatforms) = preSolution
		Debug|Any CPU = Debug|Any CPU
		Release|Any CPU = Release|Any CPU
	EndGlobalSection
	GlobalSection(ProjectConfigurationPlatforms) = postSolution
		{B069F368-683F-462B-8CFF-297F6A507DEC}.Debug|Any CPU.ActiveCfg = Debug|Any CPU
		{B069F368-683F-462B-8CFF-297F6A507DEC}.Debug|Any CPU.Build.0 = Debug|Any CPU
		{B069F368-683F-462B-8CFF-297F6A507DEC}.Release|Any CPU.ActiveCfg = Release|Any CPU
		{B069F368-683F-462B-8CFF-297F6A507DEC}.Release|Any CPU.Build.0 = Release|Any CPU
	EndGlobalSection
	GlobalSection(SolutionProperties) = preSolution
		HideSolutionNode = FALSE
	EndGlobalSection
	GlobalSection(ExtensibilityGlobals) = postSolution
		SolutionGuid = {97EDA53A-3163-48F4-88CB-D4BBB173FF61}
	EndGlobalSection
EndGlobal
